{
  "name": "roon-discord-presence",
  "version": "1.0.0",
  "lockfileVersion": 3,
  "requires": true,
  "packages": {
    "": {
      "name": "roon-discord-presence",
      "version": "1.0.0",
      "license": "MIT",
      "dependencies": {
        "discord-rpc": "^4.0.1",
        "node-roon-api": "github:RoonLabs/node-roon-api",
        "node-roon-api-image": "github:RoonLabs/node-roon-api-image",
        "node-roon-api-status": "github:RoonLabs/node-roon-api-status",
        "node-roon-api-transport": "github:RoonLabs/node-roon-api-transport"
      }
    },
    "node_modules/bindings": {
      "version": "1.5.0",
      "resolved": "https://registry.npmjs.org/bindings/-/bindings-1.5.0.tgz",
      "integrity": "sha512-p2q/t/mhvuOj/UeLlV6566GD/guowlr0hHxClI0W9m7MWYkL1F0hLo+0Aexs9HSPCtR1SXQ0TD3MMKrXZajbiQ==",
      "license": "MIT",
      "optional": true,
      "dependencies": {
        "file-uri-to-path": "1.0.0"
      }
    },
    "node_modules/discord-rpc": {
      "version": "4.0.1",
      "resolved": "https://registry.npmjs.org/discord-rpc/-/discord-rpc-4.0.1.tgz",
      "integrity": "sha512-HOvHpbq5STRZJjQIBzwoKnQ0jHplbEWFWlPDwXXKm/bILh4nzjcg7mNqll0UY7RsjFoaXA7e/oYb/4lvpda2zA==",
      "license": "MIT",
      "dependencies": {
        "node-fetch": "^2.6.1",
        "ws": "^7.3.1"
      },
      "optionalDependencies": {
        "register-scheme": "github:devsnek/node-register-scheme"
      }
    },
    "node_modules/file-uri-to-path": {
      "version": "1.0.0",
      "resolved": "https://registry.npmjs.org/file-uri-to-path/-/file-uri-to-path-1.0.0.tgz",
      "integrity": "sha512-0Zt+s3L7Vf1biwWZ29aARiVYLx7iMGnEUl9x33fbB/j3jR81u/O2LbqK+Bm1CDSNDKVtJ/YjwY7TUd5SkeLQLw==",
      "license": "MIT",
      "optional": true
    },
    "node_modules/node-addon-api": {
      "version": "1.7.2",
      "resolved": "https://registry.npmjs.org/node-addon-api/-/node-addon-api-1.7.2.tgz",
      "integrity": "sha512-ibPK3iA+vaY1eEjESkQkM0BbCqFOaZMiXRTtdB0u7b4djtY6JnsjvPdUHVMg6xQt3B8fpTTWHI9A+ADjM9frzg==",
      "license": "MIT",
      "optional": true
    },
    "node_modules/node-fetch": {
      "version": "2.7.0",
      "resolved": "https://registry.npmjs.org/node-fetch/-/node-fetch-2.7.0.tgz",
      "integrity": "sha512-c4FRfUm/dbcWZ7U+1Wq0AwCyFL+3nt2bEw05wfxSz+DWpWsitgmSgYmy2dQdWyKC1694ELPqMs/YzUSNozLt8A==",
      "license": "MIT",
      "dependencies": {
        "whatwg-url": "^5.0.0"
      },
      "engines": {
        "node": "4.x || >=6.0.0"
      },
      "peerDependencies": {
        "encoding": "^0.1.0"
      },
      "peerDependenciesMeta": {
        "encoding": {
          "optional": true
        }
      }
    },
    "node_modules/node-roon-api": {
      "version": "1.2.3",
      "resolved": "git+ssh://git@github.com/RoonLabs/node-roon-api.git#055dae6c2ac45b6c738aa3b9e5ac1fd722ed60e8",
      "license": "Apache-2.0",
      "dependencies": {
        "node-uuid": "^1.4.7",
        "ws": ">=3.3.1"
      }
    },
    "node_modules/node-roon-api-image": {
      "version": "1.0.0",
      "resolved": "git+ssh://git@github.com/RoonLabs/node-roon-api-image.git#a5f0efaf2dfb5457e91abe326c3a40d865131d32",
      "license": "Apache-2.0"
    },
    "node_modules/node-roon-api-status": {
      "version": "1.0.0",
      "resolved": "git+ssh://git@github.com/RoonLabs/node-roon-api-status.git#504c918d6da267e03fbb4337befa71ca3d3c7526",
      "license": "Apache-2.0"
    },
    "node_modules/node-roon-api-transport": {
      "version": "2.0.1",
      "resolved": "git+ssh://git@github.com/RoonLabs/node-roon-api-transport.git#2ee60008a4cdb90c34ff3de58bb4b949067f1d20",
      "license": "Apache-2.0"
    },
    "node_modules/node-uuid": {
      "version": "1.4.8",
      "resolved": "https://registry.npmjs.org/node-uuid/-/node-uuid-1.4.8.tgz",
      "integrity": "sha512-TkCET/3rr9mUuRp+CpO7qfgT++aAxfDRaalQhwPFzI9BY/2rCDn6OfpZOVggi1AXfTPpfkTrg5f5WQx5G1uLxA==",
      "deprecated": "Use uuid module instead",
      "bin": {
        "uuid": "bin/uuid"
      }
    },
    "node_modules/register-scheme": {
      "version": "0.0.2",
      "resolved": "git+ssh://git@github.com/devsnek/node-register-scheme.git#e7cc9a63a1f512565da44cb57316d9fb10750e17",
      "hasInstallScript": true,
      "license": "MIT",
      "optional": true,
      "dependencies": {
        "bindings": "^1.3.0",
        "node-addon-api": "^1.3.0"
      }
    },
    "node_modules/tr46": {
      "version": "0.0.3",
      "resolved": "https://registry.npmjs.org/tr46/-/tr46-0.0.3.tgz",
      "integrity": "sha512-N3WMsuqV66lT30CrXNbEjx4GEwlow3v6rr4mCcv6prnfwhS01rkgyFdjPNBYd9br7LpXV1+Emh01fHnq2Gdgrw==",
      "license": "MIT"
    },
    "node_modules/webidl-conversions": {
      "version": "3.0.1",
      "resolved": "https://registry.npmjs.org/webidl-conversions/-/webidl-conversions-3.0.1.tgz",
      "integrity": "sha512-2JAn3z8AR6rjK8Sm8orRC0h/bcl/DqL7tRPdGZ4I1CjdF+EaMLmYxBHyXuKL849eucPFhvBoxMsflfOb8kxaeQ==",
      "license": "BSD-2-Clause"
    },
    "node_modules/whatwg-url": {
      "version": "5.0.0",
      "resolved": "https://registry.npmjs.org/whatwg-url/-/whatwg-url-5.0.0.tgz",
      "integrity": "sha512-saE57nupxk6v3HY35+jzBwYa0rKSy0XR8JSxZPwgLr7ys0IBzhGviA1/TUGJLmSVqs8pb9AnvICXEuOHLprYTw==",
      "license": "MIT",
      "dependencies": {
        "tr46": "~0.0.3",
        "webidl-conversions": "^3.0.0"
      }
    },
    "node_modules/ws": {
      "version": "7.5.13",
      "resolved": "https://registry.npmjs.org/ws/-/ws-7.5.13.tgz",
      "integrity": "sha512-rsKI6xDBFVf4r/x8XyChGK04QR/XHroxs/jUcoWvtEZM8TPU/X/uIY9B1CsSzYws9ZJb/6bbBu7dPhFW00CAoA==",
      "license": "MIT",
      "engines": {
        "node": ">=8.3.0"
      },
      "peerDependencies": {
        "bufferutil": "^4.0.1",
        "utf-8-validate": "^5.0.2"
      },
      "peerDependenciesMeta": {
        "bufferutil": {
          "optional": true
        },
        "utf-8-validate": {
          "optional": true
        }
      }
    }
  }
}
